
Microsoft Visual Studio Solution File, Format Version 12.00
# Visual Studio Version 17
VisualStudioVersion = 17.7.34024.191
MinimumVisualStudioVersion = 10.0.40219.1
Project("{FAE04EC0-301F-11D3-BF4B-00C04F79EFBC}") = "QuadraticTest", "QuadraticTest\QuadraticTest.csproj", "{8369AFF6-7CEF-4530-8036-3D541A1351D3}"
EndProject
Global
	GlobalSection(SolutionConfigurationPlatforms) = preSolution
		Debug|Any CPU = Debug|Any CPU
		Release|Any CPU = Release|Any CPU
	EndGlobalSection
	GlobalSection(ProjectConfigurationPlatforms) = postSolution
		{8369AFF6-7CEF-4530-8036-3D541A1351D3}.Debug|Any CPU.ActiveCfg = Debug|Any CPU
		{8369AFF6-7CEF-4530-8036-3D541A1351D3}.Debug|Any CPU.Build.0 = Debug|Any CPU
		{8369AFF6-7CEF-4530-8036-3D541A1351D3}.Release|Any CPU.ActiveCfg = Release|Any CPU
		{8369AFF6-7CEF-4530-8036-3D541A1351D3}.Release|Any CPU.Build.0 = Release|Any CPU
	EndGlobalSection
	GlobalSection(SolutionProperties) = preSolution
		HideSolutionNode = FALSE
	EndGlobalSection
	GlobalSection(ExtensibilityGlobals) = postSolution
		SolutionGuid = {1E688912-00C1-4212-9865-CC172745AFB7}
	EndGlobalSection
EndGlobal
